
Microsoft Visual Studio Solution File, Format Version 12.00
# Visual Studio Version 17
VisualStudioVersion = 17.11.35312.102
MinimumVisualStudioVersion = 10.0.40219.1
Project("{FAE04EC0-301F-11D3-BF4B-00C04F79EFBC}") = "legos-api", "legos-api\legos-api.csproj", "{936BD960-2276-45C3-AFA2-38D028599C22}"
EndProject
Global
	GlobalSection(SolutionConfigurationPlatforms) = preSolution
		Debug|Any CPU = Debug|Any CPU
		Release|Any CPU = Release|Any CPU
	EndGlobalSection
	GlobalSection(ProjectConfigurationPlatforms) = postSolution
		{936BD960-2276-45C3-AFA2-38D028599C22}.Debug|Any CPU.ActiveCfg = Debug|Any CPU
		{936BD960-2276-45C3-AFA2-38D028599C22}.Debug|Any CPU.Build.0 = Debug|Any CPU
		{936BD960-2276-45C3-AFA2-38D028599C22}.Release|Any CPU.ActiveCfg = Release|Any CPU
		{936BD960-2276-45C3-AFA2-38D028599C22}.Release|Any CPU.Build.0 = Release|Any CPU
	EndGlobalSection
	GlobalSection(SolutionProperties) = preSolution
		HideSolutionNode = FALSE
	EndGlobalSection
	GlobalSection(ExtensibilityGlobals) = postSolution
		SolutionGuid = {BE02C0BB-5AFF-4AAE-ADD8-7513C487D13E}
	EndGlobalSection
EndGlobal
